// !$*UTF8*$!
{
	archiveVersion = 1;
	classes = {
	};
	objectVersion = 46;
	objects = {

/* Begin PBXBuildFile section */
		D58EEAA41E28172F00899EAF /* AppDelegate.swift in Sources */ = {isa = PBXBuildFile; fileRef = D58EEAA31E28172F00899EAF /* AppDelegate.swift */; };
		D58EEAA61E28172F00899EAF /* FaceViewController.swift in Sources */ = {isa = PBXBuildFile; fileRef = D58EEAA51E28172F00899EAF /* FaceViewController.swift */; };
		D58EEAA91E28172F00899EAF /* Main.storyboard in Resources */ = {isa = PBXBuildFile; fileRef = D58EEAA71E28172F00899EAF /* Main.storyboard */; };
		D58EEAAB1E28172F00899EAF /* Assets.xcassets in Resources */ = {isa = PBXBuildFile; fileRef = D58EEAAA1E28172F00899EAF /* Assets.xcassets */; };
		D58EEAAE1E28172F00899EAF /* LaunchScreen.storyboard in Resources */ = {isa = PBXBuildFile; fileRef = D58EEAAC1E28172F00899EAF /* LaunchScreen.storyboard */; };
		D58EEABA1E2817AD00899EAF /* FaceView.swift in Sources */ = {isa = PBXBuildFile; fileRef = D58EEAB91E2817AD00899EAF /* FaceView.swift */; };
		D58EEABC1E282FE300899EAF /* FacialExpression.swift in Sources */ = {isa = PBXBuildFile; fileRef = D58EEABB1E282FE300899EAF /* FacialExpression.swift */; };
		D58EEABE1E28370B00899EAF /* EmotionsVC.swift in Sources */ = {isa = PBXBuildFile; fileRef = D58EEABD1E28370B00899EAF /* EmotionsVC.swift */; };
/* End PBXBuildFile section */

/* Begin PBXFileReference section */
		D58EEAA01E28172F00899EAF /* MyFaceView.app */ = {isa = PBXFileReference; explicitFileType = wrapper.application; includeInIndex = 0; path = MyFaceView.app; sourceTree = BUILT_PRODUCTS_DIR; };
		D58EEAA31E28172F00899EAF /* AppDelegate.swift */ = {isa = PBXFileReference; lastKnownFileType = sourcecode.swift; path = AppDelegate.swift; sourceTree = "<group>"; };
		D58EEAA51E28172F00899EAF /* FaceViewController.swift */ = {isa = PBXFileReference; lastKnownFileType = sourcecode.swift; path = FaceViewController.swift; sourceTree = "<group>"; };
		D58EEAA81E28172F00899EAF /* Base */ = {isa = PBXFileReference; lastKnownFileType = file.storyboard; name = Base; path = Base.lproj/Main.storyboard; sourceTree = "<group>"; };
		D58EEAAA1E28172F00899EAF /* Assets.xcassets */ = {isa = PBXFileReference; lastKnownFileType = folder.assetcatalog; path = Assets.xcassets; sourceTree = "<group>"; };
		D58EEAAD1E28172F00899EAF /* Base */ = {isa = PBXFileReference; lastKnownFileType = file.storyboard; name = Base; path = Base.lproj/LaunchScreen.storyboard; sourceTree = "<group>"; };
		D58EEAAF1E28172F00899EAF /* Info.plist */ = {isa = PBXFileReference; lastKnownFileType = text.plist.xml; path = Info.plist; sourceTree = "<group>"; };
		D58EEAB91E2817AD00899EAF /* FaceView.swift */ = {isa = PBXFileReference; fileEncoding = 4; lastKnownFileType = sourcecode.swift; path = FaceView.swift; sourceTree = "<group>"; };
		D58EEABB1E282FE300899EAF /* FacialExpression.swift */ = {isa = PBXFileReference; fileEncoding = 4; lastKnownFileType = sourcecode.swift; path = FacialExpression.swift; sourceTree = "<group>"; };
		D58EEABD1E28370B00899EAF /* EmotionsVC.swift */ = {isa = PBXFileReference; fileEncoding = 4; lastKnownFileType = sourcecode.swift; path = EmotionsVC.swift; sourceTree = "<group>"; };
/* End PBXFileReference section */

/* Begin PBXFrameworksBuildPhase section */
		D58EEA9D1E28172E00899EAF /* Frameworks */ = {
			isa = PBXFrameworksBuildPhase;
			buildActionMask = 2147483647;
			files = (
			);
			runOnlyForDeploymentPostprocessing = 0;
		};
/* End PBXFrameworksBuildPhase section */

/* Begin PBXGroup section */
		D58EEA971E28172E00899EAF = {
			isa = PBXGroup;
			children = (
				D58EEAA21E28172F00899EAF /* MyFaceView */,
				D58EEAA11E28172F00899EAF /* Products */,
			);
			sourceTree = "<group>";
		};
		D58EEAA11E28172F00899EAF /* Products */ = {
			isa = PBXGroup;
			children = (
				D58EEAA01E28172F00899EAF /* MyFaceView.app */,
			);
			name = Products;
			sourceTree = "<group>";
		};
		D58EEAA21E28172F00899EAF /* MyFaceView */ = {
			isa = PBXGroup;
			children = (
				D58EEAA71E28172F00899EAF /* Main.storyboard */,
				D58EEAB81E28175E00899EAF /* Modal */,
				D58EEAB71E28175800899EAF /* View */,
				D58EEAB61E28174C00899EAF /* Controller */,
				D58EEAB51E28174400899EAF /* Supporting Files */,
			);
			path = MyFaceView;
			sourceTree = "<group>";
		};
		D58EEAB51E28174400899EAF /* Supporting Files */ = {
			isa = PBXGroup;
			children = (
				D58EEAA31E28172F00899EAF /* AppDelegate.swift */,
				D58EEAAA1E28172F00899EAF /* Assets.xcassets */,
				D58EEAAC1E28172F00899EAF /* LaunchScreen.storyboard */,
				D58EEAAF1E28172F00899EAF /* Info.plist */,
			);
			name = "Supporting Files";
			sourceTree = "<group>";
		};
		D58EEAB61E28174C00899EAF /* Controller */ = {
			isa = PBXGroup;
			children = (
				D58EEAA51E28172F00899EAF /* FaceViewController.swift */,
				D58EEABD1E28370B00899EAF /* EmotionsVC.swift */,
			);
			name = Controller;
			sourceTree = "<group>";
		};
		D58EEAB71E28175800899EAF /* View */ = {
			isa = PBXGroup;
			children = (
				D58EEAB91E2817AD00899EAF /* FaceView.swift */,
			);
			name = View;
			sourceTree = "<group>";
		};
		D58EEAB81E28175E00899EAF /* Modal */ = {
			isa = PBXGroup;
			children = (
				D58EEABB1E282FE300899EAF /* FacialExpression.swift */,
			);
			name = Modal;
			sourceTree = "<group>";
		};
/* End PBXGroup section */

/* Begin PBXNativeTarget section */
		D58EEA9F1E28172E00899EAF /* MyFaceView */ = {
			isa = PBXNativeTarget;
			buildConfigurationList = D58EEAB21E28172F00899EAF /* Build configuration list for PBXNativeTarget "MyFaceView" */;
			buildPhases = (
				D58EEA9C1E28172E00899EAF /* Sources */,
				D58EEA9D1E28172E00899EAF /* Frameworks */,
				D58EEA9E1E28172E00899EAF /* Resources */,
			);
			buildRules = (
			);
			dependencies = (
			);
			name = MyFaceView;
			productName = MyFaceView;
			productReference = D58EEAA01E28172F00899EAF /* MyFaceView.app */;
			productType = "com.apple.product-type.application";
		};
/* End PBXNativeTarget section */

/* Begin PBXProject section */
		D58EEA981E28172E00899EAF /* Project object */ = {
			isa = PBXProject;
			attributes = {
				LastSwiftUpdateCheck = 0820;
				LastUpgradeCheck = 0820;
				ORGANIZATIONNAME = "Younoussa Ousmane Abdou";
				TargetAttributes = {
					D58EEA9F1E28172E00899EAF = {
						CreatedOnToolsVersion = 8.2.1;
						ProvisioningStyle = Automatic;
					};
				};
			};
			buildConfigurationList = D58EEA9B1E28172E00899EAF /* Build configuration list for PBXProject "MyFaceView" */;
			compatibilityVersion = "Xcode 3.2";
			developmentRegion = English;
			hasScannedForEncodings = 0;
			knownRegions = (
				English,
				en,
				Base,
			);
			mainGroup = D58EEA971E28172E00899EAF;
			productRefGroup = D58EEAA11E28172F00899EAF /* Products */;
			projectDirPath = "";
			projectRoot = "";
			targets = (
				D58EEA9F1E28172E00899EAF /* MyFaceView */,
			);
		};
/* End PBXProject section */

/* Begin PBXResourcesBuildPhase section */
		D58EEA9E1E28172E00899EAF /* Resources */ = {
			isa = PBXResourcesBuildPhase;
			buildActionMask = 2147483647;
			files = (
				D58EEAAE1E28172F00899EAF /* LaunchScreen.storyboard in Resources */,
				D58EEAAB1E28172F00899EAF /* Assets.xcassets in Resources */,
				D58EEAA91E28172F00899EAF /* Main.storyboard in Resources */,
			);
			runOnlyForDeploymentPostprocessing = 0;
		};
/* End PBXResourcesBuildPhase section */

/* Begin PBXSourcesBuildPhase section */
		D58EEA9C1E28172E00899EAF /* Sources */ = {
			isa = PBXSourcesBuildPhase;
			buildActionMask = 2147483647;
			files = (
				D58EEAA61E28172F00899EAF /* FaceViewController.swift in Sources */,
				D58EEABC1E282FE300899EAF /* FacialExpression.swift in Sources */,
				D58EEABE1E28370B00899EAF /* EmotionsVC.swift in Sources */,
				D58EEAA41E28172F00899EAF /* AppDelegate.swift in Sources */,
				D58EEABA1E2817AD00899EAF /* FaceView.swift in Sources */,
			);
			runOnlyForDeploymentPostprocessing = 0;
		};
/* End PBXSourcesBuildPhase section */

/* Begin PBXVariantGroup section */
		D58EEAA71E28172F00899EAF /* Main.storyboard */ = {
			isa = PBXVariantGroup;
			children = (
				D58EEAA81E28172F00899EAF /* Base */,
			);
			name = Main.storyboard;
			sourceTree = "<group>";
		};
		D58EEAAC1E28172F00899EAF /* LaunchScreen.storyboard */ = {
			isa = PBXVariantGroup;
			children = (
				D58EEAAD1E28172F00899EAF /* Base */,
			);
			name = LaunchScreen.storyboard;
			sourceTree = "<group>";
		};
/* End PBXVariantGroup section */

/* Begin XCBuildConfiguration section */
		D58EEAB01E28172F00899EAF /* Debug */ = {
			isa = XCBuildConfiguration;
			buildSettings = {
				ALWAYS_SEARCH_USER_PATHS = NO;
				CLANG_ANALYZER_NONNULL = YES;
				CLANG_CXX_LANGUAGE_STANDARD = "gnu++0x";
				CLANG_CXX_LIBRARY = "libc++";
				CLANG_ENABLE_MODULES = YES;
				CLANG_ENABLE_OBJC_ARC = YES;
				CLANG_WARN_BOOL_CONVERSION = YES;
				CLANG_WARN_CONSTANT_CONVERSION = YES;
				CLANG_WARN_DIRECT_OBJC_ISA_USAGE = YES_ERROR;
				CLANG_WARN_DOCUMENTATION_COMMENTS = YES;
				CLANG_WARN_EMPTY_BODY = YES;
				CLANG_WARN_ENUM_CONVERSION = YES;
				CLANG_WARN_INFINITE_RECURSION = YES;
				CLANG_WARN_INT_CONVERSION = YES;
				CLANG_WARN_OBJC_ROOT_CLASS = YES_ERROR;
				CLANG_WARN_SUSPICIOUS_MOVE = YES;
				CLANG_WARN_UNREACHABLE_CODE = YES;
				CLANG_WARN__DUPLICATE_METHOD_MATCH = YES;
				"CODE_SIGN_IDENTITY[sdk=iphoneos*]" = "iPhone Developer";
				COPY_PHASE_STRIP = NO;
				DEBUG_INFORMATION_FORMAT = dwarf;
				ENABLE_STRICT_OBJC_MSGSEND = YES;
				ENABLE_TESTABILITY = YES;
				GCC_C_LANGUAGE_STANDARD = gnu99;
				GCC_DYNAMIC_NO_PIC = NO;
				GCC_NO_COMMON_BLOCKS = YES;
				GCC_OPTIMIZATION_LEVEL = 0;
				GCC_PREPROCESSOR_DEFINITIONS = (
					"DEBUG=1",
					"$(inherited)",
				);
				GCC_WARN_64_TO_32_BIT_CONVERSION = YES;
				GCC_WARN_ABOUT_RETURN_TYPE = YES_ERROR;
				GCC_WARN_UNDECLARED_SELECTOR = YES;
				GCC_WARN_UNINITIALIZED_AUTOS = YES_AGGRESSIVE;
				GCC_WARN_UNUSED_FUNCTION = YES;
				GCC_WARN_UNUSED_VARIABLE = YES;
				IPHONEOS_DEPLOYMENT_TARGET = 10.2;
				MTL_ENABLE_DEBUG_INFO = YES;
				ONLY_ACTIVE_ARCH = YES;
				SDKROOT = iphoneos;
				SWIFT_ACTIVE_COMPILATION_CONDITIONS = DEBUG;
				SWIFT_OPTIMIZATION_LEVEL = "-Onone";
				SWIFT_VERSION = 5.0;
				TARGETED_DEVICE_FAMILY = "1,2";
			};
			name = Debug;
		};
		D58EEAB11E28172F00899EAF /* Release */ = {
			isa = XCBuildConfiguration;
			buildSettings = {
				ALWAYS_SEARCH_USER_PATHS = NO;
				CLANG_ANALYZER_NONNULL = YES;
				CLANG_CXX_LANGUAGE_STANDARD = "gnu++0x";
				CLANG_CXX_LIBRARY = "libc++";
				CLANG_ENABLE_MODULES = YES;
				CLANG_ENABLE_OBJC_ARC = YES;
				CLANG_WARN_BOOL_CONVERSION = YES;
				CLANG_WARN_CONSTANT_CONVERSION = YES;
				CLANG_WARN_DIRECT_OBJC_ISA_USAGE = YES_ERROR;
				CLANG_WARN_DOCUMENTATION_COMMENTS = YES;
				CLANG_WARN_EMPTY_BODY = YES;
				CLANG_WARN_ENUM_CONVERSION = YES;
				CLANG_WARN_INFINITE_RECURSION = YES;
				CLANG_WARN_INT_CONVERSION = YES;
				CLANG_WARN_OBJC_ROOT_CLASS = YES_ERROR;
				CLANG_WARN_SUSPICIOUS_MOVE = YES;
				CLANG_WARN_UNREACHABLE_CODE = YES;
				CLANG_WARN__DUPLICATE_METHOD_MATCH = YES;
				"CODE_SIGN_IDENTITY[sdk=iphoneos*]" = "iPhone Developer";
				COPY_PHASE_STRIP = NO;
				DEBUG_INFORMATION_FORMAT = "dwarf-with-dsym";
				ENABLE_NS_ASSERTIONS = NO;
				ENABLE_STRICT_OBJC_MSGSEND = YES;
				GCC_C_LANGUAGE_STANDARD = gnu99;
				GCC_NO_COMMON_BLOCKS = YES;
				GCC_WARN_64_TO_32_BIT_CONVERSION = YES;
				GCC_WARN_ABOUT_RETURN_TYPE = YES_ERROR;
				GCC_WARN_UNDECLARED_SELECTOR = YES;
				GCC_WARN_UNINITIALIZED_AUTOS = YES_AGGRESSIVE;
				GCC_WARN_UNUSED_FUNCTION = YES;
				GCC_WARN_UNUSED_VARIABLE = YES;
				IPHONEOS_DEPLOYMENT_TARGET = 10.2;
				MTL_ENABLE_DEBUG_INFO = NO;
				SDKROOT = iphoneos;
				SWIFT_OPTIMIZATION_LEVEL = "-Owholemodule";
				SWIFT_VERSION = 5.0;
				TARGETED_DEVICE_FAMILY = "1,2";
				VALIDATE_PRODUCT = YES;
			};
			name = Release;
		};
		D58EEAB31E28172F00899EAF /* Debug */ = {
			isa = XCBuildConfiguration;
			buildSettings = {
				ASSETCATALOG_COMPILER_APPICON_NAME = AppIcon;
				DEVELOPMENT_TEAM = "";
				INFOPLIST_FILE = MyFaceView/Info.plist;
				LD_RUNPATH_SEARCH_PATHS = "$(inherited) @executable_path/Frameworks";
				PRODUCT_BUNDLE_IDENTIFIER = com.yuso.MyFaceView;
				PRODUCT_NAME = "$(TARGET_NAME)";
				SWIFT_VERSION = 5.0;
			};
			name = Debug;
		};
		D58EEAB41E28172F00899EAF /* Release */ = {
			isa = XCBuildConfiguration;
			buildSettings = {
				ASSETCATALOG_COMPILER_APPICON_NAME = AppIcon;
				DEVELOPMENT_TEAM = "";
				INFOPLIST_FILE = MyFaceView/Info.plist;
				LD_RUNPATH_SEARCH_PATHS = "$(inherited) @executable_path/Frameworks";
				PRODUCT_BUNDLE_IDENTIFIER = com.yuso.MyFaceView;
				PRODUCT_NAME = "$(TARGET_NAME)";
				SWIFT_VERSION = 5.0;
			};
			name = Release;
		};
/* End XCBuildConfiguration section */

/* Begin XCConfigurationList section */
		D58EEA9B1E28172E00899EAF /* Build configuration list for PBXProject "MyFaceView" */ = {
			isa = XCConfigurationList;
			buildConfigurations = (
				D58EEAB01E28172F00899EAF /* Debug */,
				D58EEAB11E28172F00899EAF /* Release */,
			);
			defaultConfigurationIsVisible = 0;
			defaultConfigurationName = Release;
		};
		D58EEAB21E28172F00899EAF /* Build configuration list for PBXNativeTarget "MyFaceView" */ = {
			isa = XCConfigurationList;
			buildConfigurations = (
				D58EEAB31E28172F00899EAF /* Debug */,
				D58EEAB41E28172F00899EAF /* Release */,
			);
			defaultConfigurationIsVisible = 0;
			defaultConfigurationName = Release;
		};
/* End XCConfigurationList section */
	};
	rootObject = D58EEA981E28172E00899EAF /* Project object */;
}
